{
  "version": 4,
  "terraform_version": "1.9.2",
  "serial": 11,
  "lineage": "0666c9c8-d06e-594b-08cb-1b9317ea37ca",
  "outputs": {},
  "resources": [
    {
      "mode": "managed",
      "type": "azurerm_network_interface",
      "name": "dc_nic",
      "provider": "provider[\"registry.terraform.io/hashicorp/azurerm\"]",
      "instances": [
        {
          "schema_version": 0,
          "attributes": {
            "accelerated_networking_enabled": false,
            "applied_dns_servers": [],
            "auxiliary_mode": "",
            "auxiliary_sku": "",
            "dns_servers": [],
            "edge_zone": "",
            "id": "/subscriptions/f85082ec-ff83-4a8b-961c-04c6aae872a9/resourceGroups/ADResourceGroup/providers/Microsoft.Network/networkInterfaces/DCNIC",
            "internal_dns_name_label": "",
            "internal_domain_name_suffix": "nufgruct1poehd4x0vsn5csvkg.bx.internal.cloudapp.net",
            "ip_configuration": [
              {
                "gateway_load_balancer_frontend_ip_configuration_id": "",
                "name": "DCIPConfig",
                "primary": true,
                "private_ip_address": "10.0.1.4",
                "private_ip_address_allocation": "Dynamic",
                "private_ip_address_version": "IPv4",
                "public_ip_address_id": "",
                "subnet_id": "/subscriptions/f85082ec-ff83-4a8b-961c-04c6aae872a9/resourceGroups/ADResourceGroup/providers/Microsoft.Network/virtualNetworks/ADVirtualNetwork/subnets/ADSubnet"
              }
            ],
            "ip_forwarding_enabled": false,
            "location": "eastus",
            "mac_address": "00-0D-3A-57-7C-0F",
            "name": "DCNIC",
            "private_ip_address": "10.0.1.4",
            "private_ip_addresses": [
              "10.0.1.4"
            ],
            "resource_group_name": "ADResourceGroup",
            "tags": {},
            "timeouts": null,
            "virtual_machine_id": "/subscriptions/f85082ec-ff83-4a8b-961c-04c6aae872a9/resourceGroups/ADResourceGroup/providers/Microsoft.Compute/virtualMachines/DomainController"
          },
          "sensitive_attributes": [],
          "private": "eyJlMmJmYjczMC1lY2FhLTExZTYtOGY4OC0zNDM2M2JjN2M0YzAiOnsiY3JlYXRlIjoxODAwMDAwMDAwMDAwLCJkZWxldGUiOjE4MDAwMDAwMDAwMDAsInJlYWQiOjMwMDAwMDAwMDAwMCwidXBkYXRlIjoxODAwMDAwMDAwMDAwfX0=",
          "dependencies": [
            "azurerm_public_ip.dc_public_ip",
            "azurerm_resource_group.ad_rg",
            "azurerm_subnet.ad_subnet",
            "azurerm_virtual_network.ad_vnet"
          ]
        }
      ]
    },
    {
      "mode": "managed",
      "type": "azurerm_network_interface_security_group_association",
      "name": "dc_nic_nsg_assoc",
      "provider": "provider[\"registry.terraform.io/hashicorp/azurerm\"]",
      "instances": [
        {
          "schema_version": 0,
          "attributes": {
            "id": "/subscriptions/f85082ec-ff83-4a8b-961c-04c6aae872a9/resourceGroups/ADResourceGroup/providers/Microsoft.Network/networkInterfaces/DCNIC|/subscriptions/f85082ec-ff83-4a8b-961c-04c6aae872a9/resourceGroups/ADResourceGroup/providers/Microsoft.Network/networkSecurityGroups/ADNSG",
            "network_interface_id": "/subscriptions/f85082ec-ff83-4a8b-961c-04c6aae872a9/resourceGroups/ADResourceGroup/providers/Microsoft.Network/networkInterfaces/DCNIC",
            "network_security_group_id": "/subscriptions/f85082ec-ff83-4a8b-961c-04c6aae872a9/resourceGroups/ADResourceGroup/providers/Microsoft.Network/networkSecurityGroups/ADNSG",
            "timeouts": null
          },
          "sensitive_attributes": [],
          "private": "eyJlMmJmYjczMC1lY2FhLTExZTYtOGY4OC0zNDM2M2JjN2M0YzAiOnsiY3JlYXRlIjoxODAwMDAwMDAwMDAwLCJkZWxldGUiOjE4MDAwMDAwMDAwMDAsInJlYWQiOjMwMDAwMDAwMDAwMH19",
          "dependencies": [
            "azurerm_network_interface.dc_nic",
            "azurerm_network_security_group.ad_nsg",
            "azurerm_public_ip.dc_public_ip",
            "azurerm_resource_group.ad_rg",
            "azurerm_subnet.ad_subnet",
            "azurerm_virtual_network.ad_vnet"
          ]
        }
      ]
    },
    {
      "mode": "managed",
      "type": "azurerm_network_security_group",
      "name": "ad_nsg",
      "provider": "provider[\"registry.terraform.io/hashicorp/azurerm\"]",
      "instances": [
        {
          "schema_version": 0,
          "attributes": {
            "id": "/subscriptions/f85082ec-ff83-4a8b-961c-04c6aae872a9/resourceGroups/ADResourceGroup/providers/Microsoft.Network/networkSecurityGroups/ADNSG",
            "location": "eastus",
            "name": "ADNSG",
            "resource_group_name": "ADResourceGroup",
            "security_rule": [],
            "tags": {},
            "timeouts": null
          },
          "sensitive_attributes": [],
          "private": "eyJlMmJmYjczMC1lY2FhLTExZTYtOGY4OC0zNDM2M2JjN2M0YzAiOnsiY3JlYXRlIjoxODAwMDAwMDAwMDAwLCJkZWxldGUiOjE4MDAwMDAwMDAwMDAsInJlYWQiOjMwMDAwMDAwMDAwMCwidXBkYXRlIjoxODAwMDAwMDAwMDAwfX0=",
          "dependencies": [
            "azurerm_resource_group.ad_rg"
          ]
        }
      ]
    },
    {
      "mode": "managed",
      "type": "azurerm_network_security_rule",
      "name": "allow_rdp",
      "provider": "provider[\"registry.terraform.io/hashicorp/azurerm\"]",
      "instances": [
        {
          "schema_version": 0,
          "attributes": {
            "access": "Allow",
            "description": "",
            "destination_address_prefix": "*",
            "destination_address_prefixes": null,
            "destination_application_security_group_ids": null,
            "destination_port_range": "3389",
            "destination_port_ranges": null,
            "direction": "Inbound",
            "id": "/subscriptions/f85082ec-ff83-4a8b-961c-04c6aae872a9/resourceGroups/ADResourceGroup/providers/Microsoft.Network/networkSecurityGroups/ADNSG/securityRules/AllowRDP",
            "name": "AllowRDP",
            "network_security_group_name": "ADNSG",
            "priority": 1000,
            "protocol": "Tcp",
            "resource_group_name": "ADResourceGroup",
            "source_address_prefix": "*",
            "source_address_prefixes": null,
            "source_application_security_group_ids": null,
            "source_port_range": "*",
            "source_port_ranges": null,
            "timeouts": null
          },
          "sensitive_attributes": [],
          "private": "eyJlMmJmYjczMC1lY2FhLTExZTYtOGY4OC0zNDM2M2JjN2M0YzAiOnsiY3JlYXRlIjoxODAwMDAwMDAwMDAwLCJkZWxldGUiOjE4MDAwMDAwMDAwMDAsInJlYWQiOjMwMDAwMDAwMDAwMCwidXBkYXRlIjoxODAwMDAwMDAwMDAwfX0=",
          "dependencies": [
            "azurerm_network_security_group.ad_nsg",
            "azurerm_resource_group.ad_rg"
          ]
        }
      ]
    },
    {
      "mode": "managed",
      "type": "azurerm_resource_group",
      "name": "ad_rg",
      "provider": "provider[\"registry.terraform.io/hashicorp/azurerm\"]",
      "instances": [
        {
          "schema_version": 0,
          "attributes": {
            "id": "/subscriptions/f85082ec-ff83-4a8b-961c-04c6aae872a9/resourceGroups/ADResourceGroup",
            "location": "eastus",
            "managed_by": "",
            "name": "ADResourceGroup",
            "tags": {},
            "timeouts": null
          },
          "sensitive_attributes": [],
          "private": "eyJlMmJmYjczMC1lY2FhLTExZTYtOGY4OC0zNDM2M2JjN2M0YzAiOnsiY3JlYXRlIjo1NDAwMDAwMDAwMDAwLCJkZWxldGUiOjU0MDAwMDAwMDAwMDAsInJlYWQiOjMwMDAwMDAwMDAwMCwidXBkYXRlIjo1NDAwMDAwMDAwMDAwfX0="
        }
      ]
    },
    {
      "mode": "managed",
      "type": "azurerm_subnet",
      "name": "ad_subnet",
      "provider": "provider[\"registry.terraform.io/hashicorp/azurerm\"]",
      "instances": [
        {
          "schema_version": 0,
          "attributes": {
            "address_prefixes": [
              "10.0.1.0/24"
            ],
            "default_outbound_access_enabled": true,
            "delegation": [],
            "id": "/subscriptions/f85082ec-ff83-4a8b-961c-04c6aae872a9/resourceGroups/ADResourceGroup/providers/Microsoft.Network/virtualNetworks/ADVirtualNetwork/subnets/ADSubnet",
            "name": "ADSubnet",
            "private_endpoint_network_policies": "Disabled",
            "private_link_service_network_policies_enabled": true,
            "resource_group_name": "ADResourceGroup",
            "service_endpoint_policy_ids": [],
            "service_endpoints": [],
            "timeouts": null,
            "virtual_network_name": "ADVirtualNetwork"
          },
          "sensitive_attributes": [],
          "private": "eyJlMmJmYjczMC1lY2FhLTExZTYtOGY4OC0zNDM2M2JjN2M0YzAiOnsiY3JlYXRlIjoxODAwMDAwMDAwMDAwLCJkZWxldGUiOjE4MDAwMDAwMDAwMDAsInJlYWQiOjMwMDAwMDAwMDAwMCwidXBkYXRlIjoxODAwMDAwMDAwMDAwfX0=",
          "dependencies": [
            "azurerm_resource_group.ad_rg",
            "azurerm_virtual_network.ad_vnet"
          ]
        }
      ]
    },
    {
      "mode": "managed",
      "type": "azurerm_virtual_machine",
      "name": "dc_vm",
      "provider": "provider[\"registry.terraform.io/hashicorp/azurerm\"]",
      "instances": [
        {
          "schema_version": 0,
          "attributes": {
            "additional_capabilities": [],
            "availability_set_id": null,
            "boot_diagnostics": [],
            "delete_data_disks_on_termination": false,
            "delete_os_disk_on_termination": false,
            "id": "/subscriptions/f85082ec-ff83-4a8b-961c-04c6aae872a9/resourceGroups/ADResourceGroup/providers/Microsoft.Compute/virtualMachines/DomainController",
            "identity": [],
            "license_type": null,
            "location": "eastus",
            "name": "DomainController",
            "network_interface_ids": [
              "/subscriptions/f85082ec-ff83-4a8b-961c-04c6aae872a9/resourceGroups/ADResourceGroup/providers/Microsoft.Network/networkInterfaces/DCNIC"
            ],
            "os_profile": [
              {
                "admin_password": "",
                "admin_username": "adminuser",
                "computer_name": "dc",
                "custom_data": ""
              }
            ],
            "os_profile_linux_config": [],
            "os_profile_secrets": [],
            "os_profile_windows_config": [
              {
                "additional_unattend_config": [],
                "enable_automatic_upgrades": false,
                "provision_vm_agent": true,
                "timezone": "",
                "winrm": []
              }
            ],
            "plan": [],
            "primary_network_interface_id": null,
            "proximity_placement_group_id": null,
            "resource_group_name": "ADResourceGroup",
            "storage_data_disk": [],
            "storage_image_reference": [
              {
                "id": "",
                "offer": "WindowsServer",
                "publisher": "MicrosoftWindowsServer",
                "sku": "2019-Datacenter",
                "version": "latest"
              }
            ],
            "storage_os_disk": [
              {
                "caching": "ReadWrite",
                "create_option": "FromImage",
                "disk_size_gb": 127,
                "image_uri": "",
                "managed_disk_id": "/subscriptions/f85082ec-ff83-4a8b-961c-04c6aae872a9/resourceGroups/ADResourceGroup/providers/Microsoft.Compute/disks/dc_os_disk",
                "managed_disk_type": "Standard_LRS",
                "name": "dc_os_disk",
                "os_type": "Windows",
                "vhd_uri": "",
                "write_accelerator_enabled": false
              }
            ],
            "tags": {},
            "timeouts": null,
            "vm_size": "Standard_DS1_v2",
            "zones": []
          },
          "sensitive_attributes": [
            [
              {
                "type": "get_attr",
                "value": "os_profile"
              }
            ]
          ],
          "private": "eyJlMmJmYjczMC1lY2FhLTExZTYtOGY4OC0zNDM2M2JjN2M0YzAiOnsiY3JlYXRlIjozNjAwMDAwMDAwMDAwLCJkZWxldGUiOjM2MDAwMDAwMDAwMDAsInJlYWQiOjMwMDAwMDAwMDAwMCwidXBkYXRlIjozNjAwMDAwMDAwMDAwfX0=",
          "dependencies": [
            "azurerm_network_interface.dc_nic",
            "azurerm_public_ip.dc_public_ip",
            "azurerm_resource_group.ad_rg",
            "azurerm_subnet.ad_subnet",
            "azurerm_virtual_network.ad_vnet"
          ]
        }
      ]
    },
    {
      "mode": "managed",
      "type": "azurerm_virtual_network",
      "name": "ad_vnet",
      "provider": "provider[\"registry.terraform.io/hashicorp/azurerm\"]",
      "instances": [
        {
          "schema_version": 0,
          "attributes": {
            "address_space": [
              "10.0.0.0/16"
            ],
            "bgp_community": "",
            "ddos_protection_plan": [],
            "dns_servers": [],
            "edge_zone": "",
            "encryption": [],
            "flow_timeout_in_minutes": 0,
            "guid": "d0680a6d-db53-43dc-8fd7-d564df8a5556",
            "id": "/subscriptions/f85082ec-ff83-4a8b-961c-04c6aae872a9/resourceGroups/ADResourceGroup/providers/Microsoft.Network/virtualNetworks/ADVirtualNetwork",
            "location": "eastus",
            "name": "ADVirtualNetwork",
            "private_endpoint_vnet_policies": "Disabled",
            "resource_group_name": "ADResourceGroup",
            "subnet": [
              {
                "address_prefixes": [
                  "10.0.1.0/24"
                ],
                "default_outbound_access_enabled": true,
                "delegation": [],
                "id": "/subscriptions/f85082ec-ff83-4a8b-961c-04c6aae872a9/resourceGroups/ADResourceGroup/providers/Microsoft.Network/virtualNetworks/ADVirtualNetwork/subnets/ADSubnet",
                "name": "ADSubnet",
                "private_endpoint_network_policies": "Disabled",
                "private_link_service_network_policies_enabled": true,
                "route_table_id": "",
                "security_group": "",
                "service_endpoint_policy_ids": [],
                "service_endpoints": []
              }
            ],
            "tags": {},
            "timeouts": null
          },
          "sensitive_attributes": [],
          "private": "eyJlMmJmYjczMC1lY2FhLTExZTYtOGY4OC0zNDM2M2JjN2M0YzAiOnsiY3JlYXRlIjoxODAwMDAwMDAwMDAwLCJkZWxldGUiOjE4MDAwMDAwMDAwMDAsInJlYWQiOjMwMDAwMDAwMDAwMCwidXBkYXRlIjoxODAwMDAwMDAwMDAwfX0=",
          "dependencies": [
            "azurerm_resource_group.ad_rg"
          ]
        }
      ]
    }
  ],
  "check_results": null
}
